
Microsoft Visual Studio Solution File, Format Version 12.00
# Visual Studio Version 17
VisualStudioVersion = 17.6.33723.286
MinimumVisualStudioVersion = 10.0.40219.1
Project("{FAE04EC0-301F-11D3-BF4B-00C04F79EFBC}") = "CW_Struct_Enum", "CW_Struct_Enum\CW_Struct_Enum.csproj", "{28DDD611-D2E2-49DE-8088-0447784AB169}"
EndProject
Global
	GlobalSection(SolutionConfigurationPlatforms) = preSolution
		Debug|Any CPU = Debug|Any CPU
		Release|Any CPU = Release|Any CPU
	EndGlobalSection
	GlobalSection(ProjectConfigurationPlatforms) = postSolution
		{28DDD611-D2E2-49DE-8088-0447784AB169}.Debug|Any CPU.ActiveCfg = Debug|Any CPU
		{28DDD611-D2E2-49DE-8088-0447784AB169}.Debug|Any CPU.Build.0 = Debug|Any CPU
		{28DDD611-D2E2-49DE-8088-0447784AB169}.Release|Any CPU.ActiveCfg = Release|Any CPU
		{28DDD611-D2E2-49DE-8088-0447784AB169}.Release|Any CPU.Build.0 = Release|Any CPU
	EndGlobalSection
	GlobalSection(SolutionProperties) = preSolution
		HideSolutionNode = FALSE
	EndGlobalSection
	GlobalSection(ExtensibilityGlobals) = postSolution
		SolutionGuid = {D7515C2F-6941-4CAD-8E98-8FCE86B80830}
	EndGlobalSection
EndGlobal
